// !$*UTF8*$!
{
	archiveVersion = 1;
	classes = {
	};
	objectVersion = 56;
	objects = {

/* Begin PBXBuildFile section */
		0401618B292E907F0096B9DF /* UserFeedCell.swift in Sources */ = {isa = PBXBuildFile; fileRef = 0401618A292E907F0096B9DF /* UserFeedCell.swift */; };
		0401618D292EA8D00096B9DF /* UserVcViewModel.swift in Sources */ = {isa = PBXBuildFile; fileRef = 0401618C292EA8D00096B9DF /* UserVcViewModel.swift */; };
		040C0A62295A3E2A00C3AA1A /* LikesViewSingletonModel.swift in Sources */ = {isa = PBXBuildFile; fileRef = 040C0A61295A3E2A00C3AA1A /* LikesViewSingletonModel.swift */; };
		04102CC12927E764001698EF /* UploadViewSingletonModel.swift in Sources */ = {isa = PBXBuildFile; fileRef = 04102CC02927E764001698EF /* UploadViewSingletonModel.swift */; };
		0417AF98294520EF00FEA307 /* SaveVcViewModel.swift in Sources */ = {isa = PBXBuildFile; fileRef = 0417AF97294520EF00FEA307 /* SaveVcViewModel.swift */; };
		043BC102295B091700317C9A /* WatchlistsViewSingletonModel.swift in Sources */ = {isa = PBXBuildFile; fileRef = 043BC101295B091700317C9A /* WatchlistsViewSingletonModel.swift */; };
		044321752934F7480055B9FF /* DetailCell.swift in Sources */ = {isa = PBXBuildFile; fileRef = 044321742934F7480055B9FF /* DetailCell.swift */; };
		04743D36295AF7880041BDC0 /* WatchlistsViewController.swift in Sources */ = {isa = PBXBuildFile; fileRef = 04743D35295AF7880041BDC0 /* WatchlistsViewController.swift */; };
		04743D38295AF8B10041BDC0 /* WatchlistsCell.swift in Sources */ = {isa = PBXBuildFile; fileRef = 04743D37295AF8B10041BDC0 /* WatchlistsCell.swift */; };
		04743D3A295AFDA90041BDC0 /* WatchlistsVcViewModel.swift in Sources */ = {isa = PBXBuildFile; fileRef = 04743D39295AFDA90041BDC0 /* WatchlistsVcViewModel.swift */; };
		0482364729199C90006597BD /* SearchViewController.swift in Sources */ = {isa = PBXBuildFile; fileRef = 0482364629199C90006597BD /* SearchViewController.swift */; };
		048C417F2936845800026B07 /* PostDetailVcViewModel.swift in Sources */ = {isa = PBXBuildFile; fileRef = 048C417E2936845800026B07 /* PostDetailVcViewModel.swift */; };
		048C6B4C2923DF8F00015C39 /* SaveViewController.swift in Sources */ = {isa = PBXBuildFile; fileRef = 048C6B4B2923DF8F00015C39 /* SaveViewController.swift */; };
		048E01872950E71800653681 /* UserViewModel.swift in Sources */ = {isa = PBXBuildFile; fileRef = 048E01862950E71800653681 /* UserViewModel.swift */; };
		04982F84294BA76E00EAEED9 /* FollowingViewSingletonModel.swift in Sources */ = {isa = PBXBuildFile; fileRef = 04982F83294BA76E00EAEED9 /* FollowingViewSingletonModel.swift */; };
		049C4A3229564AF8005065B6 /* PaginationSingletonModel.swift in Sources */ = {isa = PBXBuildFile; fileRef = 049C4A3129564AF8005065B6 /* PaginationSingletonModel.swift */; };
		04A528292937E5830012392B /* FeedViewSingletonModel.swift in Sources */ = {isa = PBXBuildFile; fileRef = 04A528282937E5830012392B /* FeedViewSingletonModel.swift */; };
		04AC6BA729379BC10062591B /* UserViewSingletonModel.swift in Sources */ = {isa = PBXBuildFile; fileRef = 04AC6BA629379BC10062591B /* UserViewSingletonModel.swift */; };
		04B00331291939BE0090EA99 /* AppDelegate.swift in Sources */ = {isa = PBXBuildFile; fileRef = 04B00330291939BE0090EA99 /* AppDelegate.swift */; };
		04B00333291939BE0090EA99 /* SceneDelegate.swift in Sources */ = {isa = PBXBuildFile; fileRef = 04B00332291939BE0090EA99 /* SceneDelegate.swift */; };
		04B00335291939BE0090EA99 /* ViewController.swift in Sources */ = {isa = PBXBuildFile; fileRef = 04B00334291939BE0090EA99 /* ViewController.swift */; };
		04B00338291939BE0090EA99 /* Main.storyboard in Resources */ = {isa = PBXBuildFile; fileRef = 04B00336291939BE0090EA99 /* Main.storyboard */; };
		04B0033A291939BF0090EA99 /* Assets.xcassets in Resources */ = {isa = PBXBuildFile; fileRef = 04B00339291939BF0090EA99 /* Assets.xcassets */; };
		04B0033D291939BF0090EA99 /* LaunchScreen.storyboard in Resources */ = {isa = PBXBuildFile; fileRef = 04B0033B291939BF0090EA99 /* LaunchScreen.storyboard */; };
		04B00349291940A20090EA99 /* GoogleService-Info.plist in Resources */ = {isa = PBXBuildFile; fileRef = 04B00348291940A20090EA99 /* GoogleService-Info.plist */; };
		04B6FD0329327B49007E110D /* FollowingFeedCell.swift in Sources */ = {isa = PBXBuildFile; fileRef = 04B6FD0229327B48007E110D /* FollowingFeedCell.swift */; };
		04B6FD05293298FD007E110D /* FollowingVcViewModel.swift in Sources */ = {isa = PBXBuildFile; fileRef = 04B6FD04293298FD007E110D /* FollowingVcViewModel.swift */; };
		04E6DEEC29199148000DB1F0 /* FollowingViewController.swift in Sources */ = {isa = PBXBuildFile; fileRef = 04E6DEEB29199148000DB1F0 /* FollowingViewController.swift */; };
		04EC1C302954F398005D438F /* EditBioViewController.swift in Sources */ = {isa = PBXBuildFile; fileRef = 04EC1C2F2954F398005D438F /* EditBioViewController.swift */; };
		04F1F01B2958484800496212 /* LikesViewController.swift in Sources */ = {isa = PBXBuildFile; fileRef = 04F1F01A2958484800496212 /* LikesViewController.swift */; };
		04F1F01F29584A9C00496212 /* LikesCell.swift in Sources */ = {isa = PBXBuildFile; fileRef = 04F1F01E29584A9C00496212 /* LikesCell.swift */; };
		04F1F0212958BBF300496212 /* LikesVcViewModel.swift in Sources */ = {isa = PBXBuildFile; fileRef = 04F1F0202958BBF300496212 /* LikesVcViewModel.swift */; };
		04F9F57F29195BBC00DB15FE /* WebService.swift in Sources */ = {isa = PBXBuildFile; fileRef = 04F9F57E29195BBC00DB15FE /* WebService.swift */; };
		04F9F58129195C5800DB15FE /* Post.swift in Sources */ = {isa = PBXBuildFile; fileRef = 04F9F58029195C5800DB15FE /* Post.swift */; };
		04F9F58329195C7D00DB15FE /* User.swift in Sources */ = {isa = PBXBuildFile; fileRef = 04F9F58229195C7D00DB15FE /* User.swift */; };
		04F9F58529195CB400DB15FE /* FeedVcViewModel.swift in Sources */ = {isa = PBXBuildFile; fileRef = 04F9F58429195CB400DB15FE /* FeedVcViewModel.swift */; };
		04F9F58729195CE600DB15FE /* PostViewModel.swift in Sources */ = {isa = PBXBuildFile; fileRef = 04F9F58629195CE600DB15FE /* PostViewModel.swift */; };
		04F9F58929195DED00DB15FE /* FeedViewController.swift in Sources */ = {isa = PBXBuildFile; fileRef = 04F9F58829195DED00DB15FE /* FeedViewController.swift */; };
		04F9F58B29195E4100DB15FE /* UploadViewController.swift in Sources */ = {isa = PBXBuildFile; fileRef = 04F9F58A29195E4100DB15FE /* UploadViewController.swift */; };
		04F9F58D291977F900DB15FE /* FeedCell.swift in Sources */ = {isa = PBXBuildFile; fileRef = 04F9F58C291977F800DB15FE /* FeedCell.swift */; };
		04F9F58F29197B0C00DB15FE /* UserViewController.swift in Sources */ = {isa = PBXBuildFile; fileRef = 04F9F58E29197B0C00DB15FE /* UserViewController.swift */; };
		04F9F59129197B5600DB15FE /* PostDetailViewController.swift in Sources */ = {isa = PBXBuildFile; fileRef = 04F9F59029197B5600DB15FE /* PostDetailViewController.swift */; };
		04FE940D29519B550065D34D /* JustUserViewModel.swift in Sources */ = {isa = PBXBuildFile; fileRef = 04FE940C29519B550065D34D /* JustUserViewModel.swift */; };
		8CF8292A764BA2193E681C2D /* Pods_overlokfilm2.framework in Frameworks */ = {isa = PBXBuildFile; fileRef = 135FC9ECAF930B0BA310EE41 /* Pods_overlokfilm2.framework */; };
/* End PBXBuildFile section */

/* Begin PBXFileReference section */
		0401618A292E907F0096B9DF /* UserFeedCell.swift */ = {isa = PBXFileReference; lastKnownFileType = sourcecode.swift; path = UserFeedCell.swift; sourceTree = "<group>"; };
		0401618C292EA8D00096B9DF /* UserVcViewModel.swift */ = {isa = PBXFileReference; lastKnownFileType = sourcecode.swift; path = UserVcViewModel.swift; sourceTree = "<group>"; };
		040C0A61295A3E2A00C3AA1A /* LikesViewSingletonModel.swift */ = {isa = PBXFileReference; lastKnownFileType = sourcecode.swift; path = LikesViewSingletonModel.swift; sourceTree = "<group>"; };
		04102CC02927E764001698EF /* UploadViewSingletonModel.swift */ = {isa = PBXFileReference; lastKnownFileType = sourcecode.swift; path = UploadViewSingletonModel.swift; sourceTree = "<group>"; };
		0417AF97294520EF00FEA307 /* SaveVcViewModel.swift */ = {isa = PBXFileReference; lastKnownFileType = sourcecode.swift; path = SaveVcViewModel.swift; sourceTree = "<group>"; };
		043BC101295B091700317C9A /* WatchlistsViewSingletonModel.swift */ = {isa = PBXFileReference; lastKnownFileType = sourcecode.swift; path = WatchlistsViewSingletonModel.swift; sourceTree = "<group>"; };
		044321742934F7480055B9FF /* DetailCell.swift */ = {isa = PBXFileReference; lastKnownFileType = sourcecode.swift; path = DetailCell.swift; sourceTree = "<group>"; };
		04743D35295AF7880041BDC0 /* WatchlistsViewController.swift */ = {isa = PBXFileReference; lastKnownFileType = sourcecode.swift; path = WatchlistsViewController.swift; sourceTree = "<group>"; };
		04743D37295AF8B10041BDC0 /* WatchlistsCell.swift */ = {isa = PBXFileReference; lastKnownFileType = sourcecode.swift; path = WatchlistsCell.swift; sourceTree = "<group>"; };
		04743D39295AFDA90041BDC0 /* WatchlistsVcViewModel.swift */ = {isa = PBXFileReference; lastKnownFileType = sourcecode.swift; path = WatchlistsVcViewModel.swift; sourceTree = "<group>"; };
		0482364629199C90006597BD /* SearchViewController.swift */ = {isa = PBXFileReference; lastKnownFileType = sourcecode.swift; path = SearchViewController.swift; sourceTree = "<group>"; };
		048C417E2936845800026B07 /* PostDetailVcViewModel.swift */ = {isa = PBXFileReference; lastKnownFileType = sourcecode.swift; path = PostDetailVcViewModel.swift; sourceTree = "<group>"; };
		048C6B4B2923DF8F00015C39 /* SaveViewController.swift */ = {isa = PBXFileReference; lastKnownFileType = sourcecode.swift; path = SaveViewController.swift; sourceTree = "<group>"; };
		048E01862950E71800653681 /* UserViewModel.swift */ = {isa = PBXFileReference; lastKnownFileType = sourcecode.swift; path = UserViewModel.swift; sourceTree = "<group>"; };
		04982F83294BA76E00EAEED9 /* FollowingViewSingletonModel.swift */ = {isa = PBXFileReference; lastKnownFileType = sourcecode.swift; path = FollowingViewSingletonModel.swift; sourceTree = "<group>"; };
		049C4A3129564AF8005065B6 /* PaginationSingletonModel.swift */ = {isa = PBXFileReference; lastKnownFileType = sourcecode.swift; path = PaginationSingletonModel.swift; sourceTree = "<group>"; };
		04A528282937E5830012392B /* FeedViewSingletonModel.swift */ = {isa = PBXFileReference; lastKnownFileType = sourcecode.swift; path = FeedViewSingletonModel.swift; sourceTree = "<group>"; };
		04AC6BA629379BC10062591B /* UserViewSingletonModel.swift */ = {isa = PBXFileReference; lastKnownFileType = sourcecode.swift; path = UserViewSingletonModel.swift; sourceTree = "<group>"; };
		04B0032D291939BE0090EA99 /* overlokfilm2.app */ = {isa = PBXFileReference; explicitFileType = wrapper.application; includeInIndex = 0; path = overlokfilm2.app; sourceTree = BUILT_PRODUCTS_DIR; };
		04B00330291939BE0090EA99 /* AppDelegate.swift */ = {isa = PBXFileReference; lastKnownFileType = sourcecode.swift; path = AppDelegate.swift; sourceTree = "<group>"; };
		04B00332291939BE0090EA99 /* SceneDelegate.swift */ = {isa = PBXFileReference; lastKnownFileType = sourcecode.swift; path = SceneDelegate.swift; sourceTree = "<group>"; };
		04B00334291939BE0090EA99 /* ViewController.swift */ = {isa = PBXFileReference; lastKnownFileType = sourcecode.swift; path = ViewController.swift; sourceTree = "<group>"; };
		04B00337291939BE0090EA99 /* Base */ = {isa = PBXFileReference; lastKnownFileType = file.storyboard; name = Base; path = Base.lproj/Main.storyboard; sourceTree = "<group>"; };
		04B00339291939BF0090EA99 /* Assets.xcassets */ = {isa = PBXFileReference; lastKnownFileType = folder.assetcatalog; path = Assets.xcassets; sourceTree = "<group>"; };
		04B0033C291939BF0090EA99 /* Base */ = {isa = PBXFileReference; lastKnownFileType = file.storyboard; name = Base; path = Base.lproj/LaunchScreen.storyboard; sourceTree = "<group>"; };
		04B0033E291939BF0090EA99 /* Info.plist */ = {isa = PBXFileReference; lastKnownFileType = text.plist.xml; path = Info.plist; sourceTree = "<group>"; };
		04B00348291940A20090EA99 /* GoogleService-Info.plist */ = {isa = PBXFileReference; fileEncoding = 4; lastKnownFileType = text.plist.xml; path = "GoogleService-Info.plist"; sourceTree = "<group>"; };
		04B6FD0229327B48007E110D /* FollowingFeedCell.swift */ = {isa = PBXFileReference; lastKnownFileType = sourcecode.swift; path = FollowingFeedCell.swift; sourceTree = "<group>"; };
		04B6FD04293298FD007E110D /* FollowingVcViewModel.swift */ = {isa = PBXFileReference; lastKnownFileType = sourcecode.swift; path = FollowingVcViewModel.swift; sourceTree = "<group>"; };
		04E6DEEB29199148000DB1F0 /* FollowingViewController.swift */ = {isa = PBXFileReference; lastKnownFileType = sourcecode.swift; path = FollowingViewController.swift; sourceTree = "<group>"; };
		04EC1C2F2954F398005D438F /* EditBioViewController.swift */ = {isa = PBXFileReference; lastKnownFileType = sourcecode.swift; path = EditBioViewController.swift; sourceTree = "<group>"; };
		04F1F01A2958484800496212 /* LikesViewController.swift */ = {isa = PBXFileReference; lastKnownFileType = sourcecode.swift; path = LikesViewController.swift; sourceTree = "<group>"; };
		04F1F01E29584A9C00496212 /* LikesCell.swift */ = {isa = PBXFileReference; lastKnownFileType = sourcecode.swift; path = LikesCell.swift; sourceTree = "<group>"; };
		04F1F0202958BBF300496212 /* LikesVcViewModel.swift */ = {isa = PBXFileReference; lastKnownFileType = sourcecode.swift; path = LikesVcViewModel.swift; sourceTree = "<group>"; };
		04F9F57E29195BBC00DB15FE /* WebService.swift */ = {isa = PBXFileReference; lastKnownFileType = sourcecode.swift; path = WebService.swift; sourceTree = "<group>"; };
		04F9F58029195C5800DB15FE /* Post.swift */ = {isa = PBXFileReference; lastKnownFileType = sourcecode.swift; path = Post.swift; sourceTree = "<group>"; };
		04F9F58229195C7D00DB15FE /* User.swift */ = {isa = PBXFileReference; lastKnownFileType = sourcecode.swift; path = User.swift; sourceTree = "<group>"; };
		04F9F58429195CB400DB15FE /* FeedVcViewModel.swift */ = {isa = PBXFileReference; lastKnownFileType = sourcecode.swift; path = FeedVcViewModel.swift; sourceTree = "<group>"; };
		04F9F58629195CE600DB15FE /* PostViewModel.swift */ = {isa = PBXFileReference; lastKnownFileType = sourcecode.swift; path = PostViewModel.swift; sourceTree = "<group>"; };
		04F9F58829195DED00DB15FE /* FeedViewController.swift */ = {isa = PBXFileReference; lastKnownFileType = sourcecode.swift; path = FeedViewController.swift; sourceTree = "<group>"; };
		04F9F58A29195E4100DB15FE /* UploadViewController.swift */ = {isa = PBXFileReference; lastKnownFileType = sourcecode.swift; path = UploadViewController.swift; sourceTree = "<group>"; };
		04F9F58C291977F800DB15FE /* FeedCell.swift */ = {isa = PBXFileReference; lastKnownFileType = sourcecode.swift; path = FeedCell.swift; sourceTree = "<group>"; };
		04F9F58E29197B0C00DB15FE /* UserViewController.swift */ = {isa = PBXFileReference; lastKnownFileType = sourcecode.swift; path = UserViewController.swift; sourceTree = "<group>"; };
		04F9F59029197B5600DB15FE /* PostDetailViewController.swift */ = {isa = PBXFileReference; lastKnownFileType = sourcecode.swift; path = PostDetailViewController.swift; sourceTree = "<group>"; };
		04FE940C29519B550065D34D /* JustUserViewModel.swift */ = {isa = PBXFileReference; lastKnownFileType = sourcecode.swift; path = JustUserViewModel.swift; sourceTree = "<group>"; };
		135FC9ECAF930B0BA310EE41 /* Pods_overlokfilm2.framework */ = {isa = PBXFileReference; explicitFileType = wrapper.framework; includeInIndex = 0; path = Pods_overlokfilm2.framework; sourceTree = BUILT_PRODUCTS_DIR; };
		3560A3A90F480BA62FE678A4 /* Pods-overlokfilm2.release.xcconfig */ = {isa = PBXFileReference; includeInIndex = 1; lastKnownFileType = text.xcconfig; name = "Pods-overlokfilm2.release.xcconfig"; path = "Target Support Files/Pods-overlokfilm2/Pods-overlokfilm2.release.xcconfig"; sourceTree = "<group>"; };
		9F80068A0C70FB3A7DC1EF83 /* Pods-overlokfilm2.debug.xcconfig */ = {isa = PBXFileReference; includeInIndex = 1; lastKnownFileType = text.xcconfig; name = "Pods-overlokfilm2.debug.xcconfig"; path = "Target Support Files/Pods-overlokfilm2/Pods-overlokfilm2.debug.xcconfig"; sourceTree = "<group>"; };
/* End PBXFileReference section */

/* Begin PBXFrameworksBuildPhase section */
		04B0032A291939BE0090EA99 /* Frameworks */ = {
			isa = PBXFrameworksBuildPhase;
			buildActionMask = 2147483647;
			files = (
				8CF8292A764BA2193E681C2D /* Pods_overlokfilm2.framework in Frameworks */,
			);
			runOnlyForDeploymentPostprocessing = 0;
		};
/* End PBXFrameworksBuildPhase section */

/* Begin PBXGroup section */
		04B00324291939BE0090EA99 = {
			isa = PBXGroup;
			children = (
				04B0032F291939BE0090EA99 /* overlokfilm2 */,
				04B0032E291939BE0090EA99 /* Products */,
				4F93C11B74E98A9B6FCC1669 /* Pods */,
				F44B09C9C26DF802D1286017 /* Frameworks */,
			);
			sourceTree = "<group>";
		};
		04B0032E291939BE0090EA99 /* Products */ = {
			isa = PBXGroup;
			children = (
				04B0032D291939BE0090EA99 /* overlokfilm2.app */,
			);
			name = Products;
			sourceTree = "<group>";
		};
		04B0032F291939BE0090EA99 /* overlokfilm2 */ = {
			isa = PBXGroup;
			children = (
				04B0034729193AC10090EA99 /* Service */,
				04B0034429193A830090EA99 /* Model */,
				04B0034529193A9F0090EA99 /* View */,
				04B0034629193AA80090EA99 /* ViewModel */,
				04B00336291939BE0090EA99 /* Main.storyboard */,
				04B00339291939BF0090EA99 /* Assets.xcassets */,
				04B0033B291939BF0090EA99 /* LaunchScreen.storyboard */,
				04B0033E291939BF0090EA99 /* Info.plist */,
				04B00348291940A20090EA99 /* GoogleService-Info.plist */,
			);
			path = overlokfilm2;
			sourceTree = "<group>";
		};
		04B0034429193A830090EA99 /* Model */ = {
			isa = PBXGroup;
			children = (
				04F9F58229195C7D00DB15FE /* User.swift */,
				04F9F58029195C5800DB15FE /* Post.swift */,
			);
			path = Model;
			sourceTree = "<group>";
		};
		04B0034529193A9F0090EA99 /* View */ = {
			isa = PBXGroup;
			children = (
				049C4A3129564AF8005065B6 /* PaginationSingletonModel.swift */,
				04B00330291939BE0090EA99 /* AppDelegate.swift */,
				04B00332291939BE0090EA99 /* SceneDelegate.swift */,
				04B00334291939BE0090EA99 /* ViewController.swift */,
				04F9F58829195DED00DB15FE /* FeedViewController.swift */,
				04A528282937E5830012392B /* FeedViewSingletonModel.swift */,
				04F9F58C291977F800DB15FE /* FeedCell.swift */,
				04F9F58A29195E4100DB15FE /* UploadViewController.swift */,
				04102CC02927E764001698EF /* UploadViewSingletonModel.swift */,
				04F9F58E29197B0C00DB15FE /* UserViewController.swift */,
				04AC6BA629379BC10062591B /* UserViewSingletonModel.swift */,
				0401618A292E907F0096B9DF /* UserFeedCell.swift */,
				04F9F59029197B5600DB15FE /* PostDetailViewController.swift */,
				044321742934F7480055B9FF /* DetailCell.swift */,
				04E6DEEB29199148000DB1F0 /* FollowingViewController.swift */,
				04982F83294BA76E00EAEED9 /* FollowingViewSingletonModel.swift */,
				04B6FD0229327B48007E110D /* FollowingFeedCell.swift */,
				0482364629199C90006597BD /* SearchViewController.swift */,
				048C6B4B2923DF8F00015C39 /* SaveViewController.swift */,
				04EC1C2F2954F398005D438F /* EditBioViewController.swift */,
				04F1F01A2958484800496212 /* LikesViewController.swift */,
				040C0A61295A3E2A00C3AA1A /* LikesViewSingletonModel.swift */,
				04F1F01E29584A9C00496212 /* LikesCell.swift */,
				04743D35295AF7880041BDC0 /* WatchlistsViewController.swift */,
				043BC101295B091700317C9A /* WatchlistsViewSingletonModel.swift */,
				04743D37295AF8B10041BDC0 /* WatchlistsCell.swift */,
			);
			path = View;
			sourceTree = "<group>";
		};
		04B0034629193AA80090EA99 /* ViewModel */ = {
			isa = PBXGroup;
			children = (
				04F9F58429195CB400DB15FE /* FeedVcViewModel.swift */,
				0401618C292EA8D00096B9DF /* UserVcViewModel.swift */,
				04B6FD04293298FD007E110D /* FollowingVcViewModel.swift */,
				04F1F0202958BBF300496212 /* LikesVcViewModel.swift */,
				04743D39295AFDA90041BDC0 /* WatchlistsVcViewModel.swift */,
				048C417E2936845800026B07 /* PostDetailVcViewModel.swift */,
				0417AF97294520EF00FEA307 /* SaveVcViewModel.swift */,
				04FE940C29519B550065D34D /* JustUserViewModel.swift */,
				04F9F58629195CE600DB15FE /* PostViewModel.swift */,
				048E01862950E71800653681 /* UserViewModel.swift */,
			);
			path = ViewModel;
			sourceTree = "<group>";
		};
		04B0034729193AC10090EA99 /* Service */ = {
			isa = PBXGroup;
			children = (
				04F9F57E29195BBC00DB15FE /* WebService.swift */,
			);
			path = Service;
			sourceTree = "<group>";
		};
		4F93C11B74E98A9B6FCC1669 /* Pods */ = {
			isa = PBXGroup;
			children = (
				9F80068A0C70FB3A7DC1EF83 /* Pods-overlokfilm2.debug.xcconfig */,
				3560A3A90F480BA62FE678A4 /* Pods-overlokfilm2.release.xcconfig */,
			);
			path = Pods;
			sourceTree = "<group>";
		};
		F44B09C9C26DF802D1286017 /* Frameworks */ = {
			isa = PBXGroup;
			children = (
				135FC9ECAF930B0BA310EE41 /* Pods_overlokfilm2.framework */,
			);
			name = Frameworks;
			sourceTree = "<group>";
		};
/* End PBXGroup section */

/* Begin PBXNativeTarget section */
		04B0032C291939BE0090EA99 /* overlokfilm2 */ = {
			isa = PBXNativeTarget;
			buildConfigurationList = 04B00341291939BF0090EA99 /* Build configuration list for PBXNativeTarget "overlokfilm2" */;
			buildPhases = (
				5B8CE2320CE279EF22353838 /* [CP] Check Pods Manifest.lock */,
				04B00329291939BE0090EA99 /* Sources */,
				04B0032A291939BE0090EA99 /* Frameworks */,
				04B0032B291939BE0090EA99 /* Resources */,
				72BC831EFF24978B75EAD740 /* [CP] Embed Pods Frameworks */,
			);
			buildRules = (
			);
			dependencies = (
			);
			name = overlokfilm2;
			productName = overlokfilm2;
			productReference = 04B0032D291939BE0090EA99 /* overlokfilm2.app */;
			productType = "com.apple.product-type.application";
		};
/* End PBXNativeTarget section */

/* Begin PBXProject section */
		04B00325291939BE0090EA99 /* Project object */ = {
			isa = PBXProject;
			attributes = {
				BuildIndependentTargetsInParallel = 1;
				LastSwiftUpdateCheck = 1410;
				LastUpgradeCheck = 1410;
				TargetAttributes = {
					04B0032C291939BE0090EA99 = {
						CreatedOnToolsVersion = 14.1;
					};
				};
			};
			buildConfigurationList = 04B00328291939BE0090EA99 /* Build configuration list for PBXProject "overlokfilm2" */;
			compatibilityVersion = "Xcode 14.0";
			developmentRegion = en;
			hasScannedForEncodings = 0;
			knownRegions = (
				en,
				Base,
			);
			mainGroup = 04B00324291939BE0090EA99;
			productRefGroup = 04B0032E291939BE0090EA99 /* Products */;
			projectDirPath = "";
			projectRoot = "";
			targets = (
				04B0032C291939BE0090EA99 /* overlokfilm2 */,
			);
		};
/* End PBXProject section */

/* Begin PBXResourcesBuildPhase section */
		04B0032B291939BE0090EA99 /* Resources */ = {
			isa = PBXResourcesBuildPhase;
			buildActionMask = 2147483647;
			files = (
				04B0033D291939BF0090EA99 /* LaunchScreen.storyboard in Resources */,
				04B0033A291939BF0090EA99 /* Assets.xcassets in Resources */,
				04B00338291939BE0090EA99 /* Main.storyboard in Resources */,
				04B00349291940A20090EA99 /* GoogleService-Info.plist in Resources */,
			);
			runOnlyForDeploymentPostprocessing = 0;
		};
/* End PBXResourcesBuildPhase section */

/* Begin PBXShellScriptBuildPhase section */
		5B8CE2320CE279EF22353838 /* [CP] Check Pods Manifest.lock */ = {
			isa = PBXShellScriptBuildPhase;
			buildActionMask = 2147483647;
			files = (
			);
			inputFileListPaths = (
			);
			inputPaths = (
				"${PODS_PODFILE_DIR_PATH}/Podfile.lock",
				"${PODS_ROOT}/Manifest.lock",
			);
			name = "[CP] Check Pods Manifest.lock";
			outputFileListPaths = (
			);
			outputPaths = (
				"$(DERIVED_FILE_DIR)/Pods-overlokfilm2-checkManifestLockResult.txt",
			);
			runOnlyForDeploymentPostprocessing = 0;
			shellPath = /bin/sh;
			shellScript = "diff \"${PODS_PODFILE_DIR_PATH}/Podfile.lock\" \"${PODS_ROOT}/Manifest.lock\" > /dev/null\nif [ $? != 0 ] ; then\n    # print error to STDERR\n    echo \"error: The sandbox is not in sync with the Podfile.lock. Run 'pod install' or update your CocoaPods installation.\" >&2\n    exit 1\nfi\n# This output is used by Xcode 'outputs' to avoid re-running this script phase.\necho \"SUCCESS\" > \"${SCRIPT_OUTPUT_FILE_0}\"\n";
			showEnvVarsInLog = 0;
		};
		72BC831EFF24978B75EAD740 /* [CP] Embed Pods Frameworks */ = {
			isa = PBXShellScriptBuildPhase;
			buildActionMask = 2147483647;
			files = (
			);
			inputFileListPaths = (
				"${PODS_ROOT}/Target Support Files/Pods-overlokfilm2/Pods-overlokfilm2-frameworks-${CONFIGURATION}-input-files.xcfilelist",
			);
			name = "[CP] Embed Pods Frameworks";
			outputFileListPaths = (
				"${PODS_ROOT}/Target Support Files/Pods-overlokfilm2/Pods-overlokfilm2-frameworks-${CONFIGURATION}-output-files.xcfilelist",
			);
			runOnlyForDeploymentPostprocessing = 0;
			shellPath = /bin/sh;
			shellScript = "\"${PODS_ROOT}/Target Support Files/Pods-overlokfilm2/Pods-overlokfilm2-frameworks.sh\"\n";
			showEnvVarsInLog = 0;
		};
/* End PBXShellScriptBuildPhase section */

/* Begin PBXSourcesBuildPhase section */
		04B00329291939BE0090EA99 /* Sources */ = {
			isa = PBXSourcesBuildPhase;
			buildActionMask = 2147483647;
			files = (
				0482364729199C90006597BD /* SearchViewController.swift in Sources */,
				04982F84294BA76E00EAEED9 /* FollowingViewSingletonModel.swift in Sources */,
				048C6B4C2923DF8F00015C39 /* SaveViewController.swift in Sources */,
				043BC102295B091700317C9A /* WatchlistsViewSingletonModel.swift in Sources */,
				04F9F58729195CE600DB15FE /* PostViewModel.swift in Sources */,
				04F9F58F29197B0C00DB15FE /* UserViewController.swift in Sources */,
				04EC1C302954F398005D438F /* EditBioViewController.swift in Sources */,
				04743D36295AF7880041BDC0 /* WatchlistsViewController.swift in Sources */,
				048E01872950E71800653681 /* UserViewModel.swift in Sources */,
				049C4A3229564AF8005065B6 /* PaginationSingletonModel.swift in Sources */,
				04F9F58B29195E4100DB15FE /* UploadViewController.swift in Sources */,
				0417AF98294520EF00FEA307 /* SaveVcViewModel.swift in Sources */,
				04F9F58929195DED00DB15FE /* FeedViewController.swift in Sources */,
				04F1F01B2958484800496212 /* LikesViewController.swift in Sources */,
				04102CC12927E764001698EF /* UploadViewSingletonModel.swift in Sources */,
				04B6FD05293298FD007E110D /* FollowingVcViewModel.swift in Sources */,
				04743D3A295AFDA90041BDC0 /* WatchlistsVcViewModel.swift in Sources */,
				04E6DEEC29199148000DB1F0 /* FollowingViewController.swift in Sources */,
				04743D38295AF8B10041BDC0 /* WatchlistsCell.swift in Sources */,
				044321752934F7480055B9FF /* DetailCell.swift in Sources */,
				0401618B292E907F0096B9DF /* UserFeedCell.swift in Sources */,
				04F9F59129197B5600DB15FE /* PostDetailViewController.swift in Sources */,
				04F1F0212958BBF300496212 /* LikesVcViewModel.swift in Sources */,
				04FE940D29519B550065D34D /* JustUserViewModel.swift in Sources */,
				04B6FD0329327B49007E110D /* FollowingFeedCell.swift in Sources */,
				04AC6BA729379BC10062591B /* UserViewSingletonModel.swift in Sources */,
				04F9F58529195CB400DB15FE /* FeedVcViewModel.swift in Sources */,
				04F9F58D291977F900DB15FE /* FeedCell.swift in Sources */,
				04B00335291939BE0090EA99 /* ViewController.swift in Sources */,
				0401618D292EA8D00096B9DF /* UserVcViewModel.swift in Sources */,
				04A528292937E5830012392B /* FeedViewSingletonModel.swift in Sources */,
				048C417F2936845800026B07 /* PostDetailVcViewModel.swift in Sources */,
				040C0A62295A3E2A00C3AA1A /* LikesViewSingletonModel.swift in Sources */,
				04B00331291939BE0090EA99 /* AppDelegate.swift in Sources */,
				04F9F58329195C7D00DB15FE /* User.swift in Sources */,
				04F9F57F29195BBC00DB15FE /* WebService.swift in Sources */,
				04B00333291939BE0090EA99 /* SceneDelegate.swift in Sources */,
				04F9F58129195C5800DB15FE /* Post.swift in Sources */,
				04F1F01F29584A9C00496212 /* LikesCell.swift in Sources */,
			);
			runOnlyForDeploymentPostprocessing = 0;
		};
/* End PBXSourcesBuildPhase section */

/* Begin PBXVariantGroup section */
		04B00336291939BE0090EA99 /* Main.storyboard */ = {
			isa = PBXVariantGroup;
			children = (
				04B00337291939BE0090EA99 /* Base */,
			);
			name = Main.storyboard;
			sourceTree = "<group>";
		};
		04B0033B291939BF0090EA99 /* LaunchScreen.storyboard */ = {
			isa = PBXVariantGroup;
			children = (
				04B0033C291939BF0090EA99 /* Base */,
			);
			name = LaunchScreen.storyboard;
			sourceTree = "<group>";
		};
/* End PBXVariantGroup section */

/* Begin XCBuildConfiguration section */
		04B0033F291939BF0090EA99 /* Debug */ = {
			isa = XCBuildConfiguration;
			buildSettings = {
				ALWAYS_SEARCH_USER_PATHS = NO;
				CLANG_ANALYZER_NONNULL = YES;
				CLANG_ANALYZER_NUMBER_OBJECT_CONVERSION = YES_AGGRESSIVE;
				CLANG_CXX_LANGUAGE_STANDARD = "gnu++20";
				CLANG_ENABLE_MODULES = YES;
				CLANG_ENABLE_OBJC_ARC = YES;
				CLANG_ENABLE_OBJC_WEAK = YES;
				CLANG_WARN_BLOCK_CAPTURE_AUTORELEASING = YES;
				CLANG_WARN_BOOL_CONVERSION = YES;
				CLANG_WARN_COMMA = YES;
				CLANG_WARN_CONSTANT_CONVERSION = YES;
				CLANG_WARN_DEPRECATED_OBJC_IMPLEMENTATIONS = YES;
				CLANG_WARN_DIRECT_OBJC_ISA_USAGE = YES_ERROR;
				CLANG_WARN_DOCUMENTATION_COMMENTS = YES;
				CLANG_WARN_EMPTY_BODY = YES;
				CLANG_WARN_ENUM_CONVERSION = YES;
				CLANG_WARN_INFINITE_RECURSION = YES;
				CLANG_WARN_INT_CONVERSION = YES;
				CLANG_WARN_NON_LITERAL_NULL_CONVERSION = YES;
				CLANG_WARN_OBJC_IMPLICIT_RETAIN_SELF = YES;
				CLANG_WARN_OBJC_LITERAL_CONVERSION = YES;
				CLANG_WARN_OBJC_ROOT_CLASS = YES_ERROR;
				CLANG_WARN_QUOTED_INCLUDE_IN_FRAMEWORK_HEADER = YES;
				CLANG_WARN_RANGE_LOOP_ANALYSIS = YES;
				CLANG_WARN_STRICT_PROTOTYPES = YES;
				CLANG_WARN_SUSPICIOUS_MOVE = YES;
				CLANG_WARN_UNGUARDED_AVAILABILITY = YES_AGGRESSIVE;
				CLANG_WARN_UNREACHABLE_CODE = YES;
				CLANG_WARN__DUPLICATE_METHOD_MATCH = YES;
				COPY_PHASE_STRIP = NO;
				DEBUG_INFORMATION_FORMAT = dwarf;
				ENABLE_STRICT_OBJC_MSGSEND = YES;
				ENABLE_TESTABILITY = YES;
				GCC_C_LANGUAGE_STANDARD = gnu11;
				GCC_DYNAMIC_NO_PIC = NO;
				GCC_NO_COMMON_BLOCKS = YES;
				GCC_OPTIMIZATION_LEVEL = 0;
				GCC_PREPROCESSOR_DEFINITIONS = (
					"DEBUG=1",
					"$(inherited)",
				);
				GCC_WARN_64_TO_32_BIT_CONVERSION = YES;
				GCC_WARN_ABOUT_RETURN_TYPE = YES_ERROR;
				GCC_WARN_UNDECLARED_SELECTOR = YES;
				GCC_WARN_UNINITIALIZED_AUTOS = YES_AGGRESSIVE;
				GCC_WARN_UNUSED_FUNCTION = YES;
				GCC_WARN_UNUSED_VARIABLE = YES;
				IPHONEOS_DEPLOYMENT_TARGET = 16.1;
				MTL_ENABLE_DEBUG_INFO = INCLUDE_SOURCE;
				MTL_FAST_MATH = YES;
				ONLY_ACTIVE_ARCH = YES;
				SDKROOT = iphoneos;
				SWIFT_ACTIVE_COMPILATION_CONDITIONS = DEBUG;
				SWIFT_OPTIMIZATION_LEVEL = "-Onone";
			};
			name = Debug;
		};
		04B00340291939BF0090EA99 /* Release */ = {
			isa = XCBuildConfiguration;
			buildSettings = {
				ALWAYS_SEARCH_USER_PATHS = NO;
				CLANG_ANALYZER_NONNULL = YES;
				CLANG_ANALYZER_NUMBER_OBJECT_CONVERSION = YES_AGGRESSIVE;
				CLANG_CXX_LANGUAGE_STANDARD = "gnu++20";
				CLANG_ENABLE_MODULES = YES;
				CLANG_ENABLE_OBJC_ARC = YES;
				CLANG_ENABLE_OBJC_WEAK = YES;
				CLANG_WARN_BLOCK_CAPTURE_AUTORELEASING = YES;
				CLANG_WARN_BOOL_CONVERSION = YES;
				CLANG_WARN_COMMA = YES;
				CLANG_WARN_CONSTANT_CONVERSION = YES;
				CLANG_WARN_DEPRECATED_OBJC_IMPLEMENTATIONS = YES;
				CLANG_WARN_DIRECT_OBJC_ISA_USAGE = YES_ERROR;
				CLANG_WARN_DOCUMENTATION_COMMENTS = YES;
				CLANG_WARN_EMPTY_BODY = YES;
				CLANG_WARN_ENUM_CONVERSION = YES;
				CLANG_WARN_INFINITE_RECURSION = YES;
				CLANG_WARN_INT_CONVERSION = YES;
				CLANG_WARN_NON_LITERAL_NULL_CONVERSION = YES;
				CLANG_WARN_OBJC_IMPLICIT_RETAIN_SELF = YES;
				CLANG_WARN_OBJC_LITERAL_CONVERSION = YES;
				CLANG_WARN_OBJC_ROOT_CLASS = YES_ERROR;
				CLANG_WARN_QUOTED_INCLUDE_IN_FRAMEWORK_HEADER = YES;
				CLANG_WARN_RANGE_LOOP_ANALYSIS = YES;
				CLANG_WARN_STRICT_PROTOTYPES = YES;
				CLANG_WARN_SUSPICIOUS_MOVE = YES;
				CLANG_WARN_UNGUARDED_AVAILABILITY = YES_AGGRESSIVE;
				CLANG_WARN_UNREACHABLE_CODE = YES;
				CLANG_WARN__DUPLICATE_METHOD_MATCH = YES;
				COPY_PHASE_STRIP = NO;
				DEBUG_INFORMATION_FORMAT = "dwarf-with-dsym";
				ENABLE_NS_ASSERTIONS = NO;
				ENABLE_STRICT_OBJC_MSGSEND = YES;
				GCC_C_LANGUAGE_STANDARD = gnu11;
				GCC_NO_COMMON_BLOCKS = YES;
				GCC_WARN_64_TO_32_BIT_CONVERSION = YES;
				GCC_WARN_ABOUT_RETURN_TYPE = YES_ERROR;
				GCC_WARN_UNDECLARED_SELECTOR = YES;
				GCC_WARN_UNINITIALIZED_AUTOS = YES_AGGRESSIVE;
				GCC_WARN_UNUSED_FUNCTION = YES;
				GCC_WARN_UNUSED_VARIABLE = YES;
				IPHONEOS_DEPLOYMENT_TARGET = 16.1;
				MTL_ENABLE_DEBUG_INFO = NO;
				MTL_FAST_MATH = YES;
				SDKROOT = iphoneos;
				SWIFT_COMPILATION_MODE = wholemodule;
				SWIFT_OPTIMIZATION_LEVEL = "-O";
				VALIDATE_PRODUCT = YES;
			};
			name = Release;
		};
		04B00342291939BF0090EA99 /* Debug */ = {
			isa = XCBuildConfiguration;
			baseConfigurationReference = 9F80068A0C70FB3A7DC1EF83 /* Pods-overlokfilm2.debug.xcconfig */;
			buildSettings = {
				ASSETCATALOG_COMPILER_APPICON_NAME = AppIcon;
				ASSETCATALOG_COMPILER_GLOBAL_ACCENT_COLOR_NAME = AccentColor;
				CODE_SIGN_STYLE = Automatic;
				CURRENT_PROJECT_VERSION = 1;
				DEVELOPMENT_TEAM = ZR6Y5Z578U;
				GENERATE_INFOPLIST_FILE = YES;
				INFOPLIST_FILE = overlokfilm2/Info.plist;
				INFOPLIST_KEY_UIApplicationSupportsIndirectInputEvents = YES;
				INFOPLIST_KEY_UILaunchStoryboardName = LaunchScreen;
				INFOPLIST_KEY_UIMainStoryboardFile = Main;
				INFOPLIST_KEY_UISupportedInterfaceOrientations = UIInterfaceOrientationPortrait;
				INFOPLIST_KEY_UISupportedInterfaceOrientations_iPad = "UIInterfaceOrientationLandscapeLeft UIInterfaceOrientationLandscapeRight UIInterfaceOrientationPortrait UIInterfaceOrientationPortraitUpsideDown";
				IPHONEOS_DEPLOYMENT_TARGET = 16.0;
				LD_RUNPATH_SEARCH_PATHS = (
					"$(inherited)",
					"@executable_path/Frameworks",
				);
				MARKETING_VERSION = 1.0;
				PRODUCT_BUNDLE_IDENTIFIER = co.hakanyasar.overlokfilm2;
				PRODUCT_NAME = "$(TARGET_NAME)";
				SUPPORTED_PLATFORMS = "iphoneos iphonesimulator";
				SUPPORTS_MACCATALYST = NO;
				SUPPORTS_MAC_DESIGNED_FOR_IPHONE_IPAD = YES;
				SWIFT_EMIT_LOC_STRINGS = YES;
				SWIFT_VERSION = 5.0;
				TARGETED_DEVICE_FAMILY = 1;
			};
			name = Debug;
		};
		04B00343291939BF0090EA99 /* Release */ = {
			isa = XCBuildConfiguration;
			baseConfigurationReference = 3560A3A90F480BA62FE678A4 /* Pods-overlokfilm2.release.xcconfig */;
			buildSettings = {
				ASSETCATALOG_COMPILER_APPICON_NAME = AppIcon;
				ASSETCATALOG_COMPILER_GLOBAL_ACCENT_COLOR_NAME = AccentColor;
				CODE_SIGN_STYLE = Automatic;
				CURRENT_PROJECT_VERSION = 1;
				DEVELOPMENT_TEAM = ZR6Y5Z578U;
				GENERATE_INFOPLIST_FILE = YES;
				INFOPLIST_FILE = overlokfilm2/Info.plist;
				INFOPLIST_KEY_UIApplicationSupportsIndirectInputEvents = YES;
				INFOPLIST_KEY_UILaunchStoryboardName = LaunchScreen;
				INFOPLIST_KEY_UIMainStoryboardFile = Main;
				INFOPLIST_KEY_UISupportedInterfaceOrientations = UIInterfaceOrientationPortrait;
				INFOPLIST_KEY_UISupportedInterfaceOrientations_iPad = "UIInterfaceOrientationLandscapeLeft UIInterfaceOrientationLandscapeRight UIInterfaceOrientationPortrait UIInterfaceOrientationPortraitUpsideDown";
				IPHONEOS_DEPLOYMENT_TARGET = 16.0;
				LD_RUNPATH_SEARCH_PATHS = (
					"$(inherited)",
					"@executable_path/Frameworks",
				);
				MARKETING_VERSION = 1.0;
				PRODUCT_BUNDLE_IDENTIFIER = co.hakanyasar.overlokfilm2;
				PRODUCT_NAME = "$(TARGET_NAME)";
				SUPPORTED_PLATFORMS = "iphoneos iphonesimulator";
				SUPPORTS_MACCATALYST = NO;
				SUPPORTS_MAC_DESIGNED_FOR_IPHONE_IPAD = YES;
				SWIFT_EMIT_LOC_STRINGS = YES;
				SWIFT_VERSION = 5.0;
				TARGETED_DEVICE_FAMILY = 1;
			};
			name = Release;
		};
/* End XCBuildConfiguration section */

/* Begin XCConfigurationList section */
		04B00328291939BE0090EA99 /* Build configuration list for PBXProject "overlokfilm2" */ = {
			isa = XCConfigurationList;
			buildConfigurations = (
				04B0033F291939BF0090EA99 /* Debug */,
				04B00340291939BF0090EA99 /* Release */,
			);
			defaultConfigurationIsVisible = 0;
			defaultConfigurationName = Release;
		};
		04B00341291939BF0090EA99 /* Build configuration list for PBXNativeTarget "overlokfilm2" */ = {
			isa = XCConfigurationList;
			buildConfigurations = (
				04B00342291939BF0090EA99 /* Debug */,
				04B00343291939BF0090EA99 /* Release */,
			);
			defaultConfigurationIsVisible = 0;
			defaultConfigurationName = Release;
		};
/* End XCConfigurationList section */
	};
	rootObject = 04B00325291939BE0090EA99 /* Project object */;
}
